
Microsoft Visual Studio Solution File, Format Version 12.00
# Visual Studio Version 17
VisualStudioVersion = 17.9.34723.18
MinimumVisualStudioVersion = 10.0.40219.1
Project("{FAE04EC0-301F-11D3-BF4B-00C04F79EFBC}") = "A_Cyclic", "A_Cyclic\A_Cyclic.csproj", "{B21C9431-6945-4CAB-8CA3-C8E050380DCC}"
EndProject
Project("{FAE04EC0-301F-11D3-BF4B-00C04F79EFBC}") = "B_Strawberries", "B_Strawberries\B_Strawberries.csproj", "{6D12E762-934A-44FA-841E-97D04CC53198}"
EndProject
Project("{FAE04EC0-301F-11D3-BF4B-00C04F79EFBC}") = "C_Sowing_Stones", "C_Sowing_Stones\C_Sowing_Stones.csproj", "{3E469A7E-1FCB-4BE3-9132-94AE526CB04A}"
EndProject
Global
	GlobalSection(SolutionConfigurationPlatforms) = preSolution
		Debug|Any CPU = Debug|Any CPU
		Release|Any CPU = Release|Any CPU
	EndGlobalSection
	GlobalSection(ProjectConfigurationPlatforms) = postSolution
		{B21C9431-6945-4CAB-8CA3-C8E050380DCC}.Debug|Any CPU.ActiveCfg = Debug|Any CPU
		{B21C9431-6945-4CAB-8CA3-C8E050380DCC}.Debug|Any CPU.Build.0 = Debug|Any CPU
		{B21C9431-6945-4CAB-8CA3-C8E050380DCC}.Release|Any CPU.ActiveCfg = Release|Any CPU
		{B21C9431-6945-4CAB-8CA3-C8E050380DCC}.Release|Any CPU.Build.0 = Release|Any CPU
		{6D12E762-934A-44FA-841E-97D04CC53198}.Debug|Any CPU.ActiveCfg = Debug|Any CPU
		{6D12E762-934A-44FA-841E-97D04CC53198}.Debug|Any CPU.Build.0 = Debug|Any CPU
		{6D12E762-934A-44FA-841E-97D04CC53198}.Release|Any CPU.ActiveCfg = Release|Any CPU
		{6D12E762-934A-44FA-841E-97D04CC53198}.Release|Any CPU.Build.0 = Release|Any CPU
		{3E469A7E-1FCB-4BE3-9132-94AE526CB04A}.Debug|Any CPU.ActiveCfg = Debug|Any CPU
		{3E469A7E-1FCB-4BE3-9132-94AE526CB04A}.Debug|Any CPU.Build.0 = Debug|Any CPU
		{3E469A7E-1FCB-4BE3-9132-94AE526CB04A}.Release|Any CPU.ActiveCfg = Release|Any CPU
		{3E469A7E-1FCB-4BE3-9132-94AE526CB04A}.Release|Any CPU.Build.0 = Release|Any CPU
	EndGlobalSection
	GlobalSection(SolutionProperties) = preSolution
		HideSolutionNode = FALSE
	EndGlobalSection
	GlobalSection(ExtensibilityGlobals) = postSolution
		SolutionGuid = {5F0FDD62-8177-4F46-A924-3765DD8CB3C1}
	EndGlobalSection
EndGlobal
