
Microsoft Visual Studio Solution File, Format Version 12.00
# Visual Studio Version 17
VisualStudioVersion = 17.12.35506.116
MinimumVisualStudioVersion = 10.0.40219.1
Project("{FAE04EC0-301F-11D3-BF4B-00C04F79EFBC}") = "A_aaaadaa", "A_aaaadaa\A_aaaadaa.csproj", "{7753FB0B-BA4F-49E5-9C23-409E806B0093}"
EndProject
Project("{FAE04EC0-301F-11D3-BF4B-00C04F79EFBC}") = "B_ARC_Division", "B_ARC_Division\B_ARC_Division.csproj", "{CE69EA4B-63BD-4CCB-8B39-AE7537C96E1B}"
EndProject
Project("{FAE04EC0-301F-11D3-BF4B-00C04F79EFBC}") = "C_Perfect_Standings", "C_Perfect_Standings\C_Perfect_Standings.csproj", "{A709ABC4-4328-49C5-9063-BAE9B28DEE69}"
EndProject
Project("{FAE04EC0-301F-11D3-BF4B-00C04F79EFBC}") = "D_Repeated_Sequence", "D_Repeated_Sequence\D_Repeated_Sequence.csproj", "{CE418C56-CC05-4959-A20F-EACA1E397BD8}"
EndProject
Global
	GlobalSection(SolutionConfigurationPlatforms) = preSolution
		Debug|Any CPU = Debug|Any CPU
		Release|Any CPU = Release|Any CPU
	EndGlobalSection
	GlobalSection(ProjectConfigurationPlatforms) = postSolution
		{7753FB0B-BA4F-49E5-9C23-409E806B0093}.Debug|Any CPU.ActiveCfg = Debug|Any CPU
		{7753FB0B-BA4F-49E5-9C23-409E806B0093}.Debug|Any CPU.Build.0 = Debug|Any CPU
		{7753FB0B-BA4F-49E5-9C23-409E806B0093}.Release|Any CPU.ActiveCfg = Release|Any CPU
		{7753FB0B-BA4F-49E5-9C23-409E806B0093}.Release|Any CPU.Build.0 = Release|Any CPU
		{CE69EA4B-63BD-4CCB-8B39-AE7537C96E1B}.Debug|Any CPU.ActiveCfg = Debug|Any CPU
		{CE69EA4B-63BD-4CCB-8B39-AE7537C96E1B}.Debug|Any CPU.Build.0 = Debug|Any CPU
		{CE69EA4B-63BD-4CCB-8B39-AE7537C96E1B}.Release|Any CPU.ActiveCfg = Release|Any CPU
		{CE69EA4B-63BD-4CCB-8B39-AE7537C96E1B}.Release|Any CPU.Build.0 = Release|Any CPU
		{A709ABC4-4328-49C5-9063-BAE9B28DEE69}.Debug|Any CPU.ActiveCfg = Debug|Any CPU
		{A709ABC4-4328-49C5-9063-BAE9B28DEE69}.Debug|Any CPU.Build.0 = Debug|Any CPU
		{A709ABC4-4328-49C5-9063-BAE9B28DEE69}.Release|Any CPU.ActiveCfg = Release|Any CPU
		{A709ABC4-4328-49C5-9063-BAE9B28DEE69}.Release|Any CPU.Build.0 = Release|Any CPU
		{CE418C56-CC05-4959-A20F-EACA1E397BD8}.Debug|Any CPU.ActiveCfg = Debug|Any CPU
		{CE418C56-CC05-4959-A20F-EACA1E397BD8}.Debug|Any CPU.Build.0 = Debug|Any CPU
		{CE418C56-CC05-4959-A20F-EACA1E397BD8}.Release|Any CPU.ActiveCfg = Release|Any CPU
		{CE418C56-CC05-4959-A20F-EACA1E397BD8}.Release|Any CPU.Build.0 = Release|Any CPU
	EndGlobalSection
	GlobalSection(SolutionProperties) = preSolution
		HideSolutionNode = FALSE
	EndGlobalSection
EndGlobal
