
Microsoft Visual Studio Solution File, Format Version 12.00
# Visual Studio Version 17
VisualStudioVersion = 17.9.34723.18
MinimumVisualStudioVersion = 10.0.40219.1
Project("{FAE04EC0-301F-11D3-BF4B-00C04F79EFBC}") = "A_Rearranging_ABC", "A_Rearranging_ABC\A_Rearranging_ABC.csproj", "{FD5494B4-F51E-478C-A7AB-559DCED1CE86}"
EndProject
Project("{FAE04EC0-301F-11D3-BF4B-00C04F79EFBC}") = "B_Avoid_Rook_Attack", "B_Avoid_Rook_Attack\B_Avoid_Rook_Attack.csproj", "{F6AF39A2-FD64-4C35-BCC4-576B8F04C207}"
EndProject
Project("{FAE04EC0-301F-11D3-BF4B-00C04F79EFBC}") = "C_Avoid_Knight_Attack", "C_Avoid_Knight_Attack\C_Avoid_Knight_Attack.csproj", "{2DC0D4F8-4F4B-48A6-AE1D-D99CB1B75CC6}"
EndProject
Global
	GlobalSection(SolutionConfigurationPlatforms) = preSolution
		Debug|Any CPU = Debug|Any CPU
		Release|Any CPU = Release|Any CPU
	EndGlobalSection
	GlobalSection(ProjectConfigurationPlatforms) = postSolution
		{FD5494B4-F51E-478C-A7AB-559DCED1CE86}.Debug|Any CPU.ActiveCfg = Debug|Any CPU
		{FD5494B4-F51E-478C-A7AB-559DCED1CE86}.Debug|Any CPU.Build.0 = Debug|Any CPU
		{FD5494B4-F51E-478C-A7AB-559DCED1CE86}.Release|Any CPU.ActiveCfg = Release|Any CPU
		{FD5494B4-F51E-478C-A7AB-559DCED1CE86}.Release|Any CPU.Build.0 = Release|Any CPU
		{F6AF39A2-FD64-4C35-BCC4-576B8F04C207}.Debug|Any CPU.ActiveCfg = Debug|Any CPU
		{F6AF39A2-FD64-4C35-BCC4-576B8F04C207}.Debug|Any CPU.Build.0 = Debug|Any CPU
		{F6AF39A2-FD64-4C35-BCC4-576B8F04C207}.Release|Any CPU.ActiveCfg = Release|Any CPU
		{F6AF39A2-FD64-4C35-BCC4-576B8F04C207}.Release|Any CPU.Build.0 = Release|Any CPU
		{2DC0D4F8-4F4B-48A6-AE1D-D99CB1B75CC6}.Debug|Any CPU.ActiveCfg = Debug|Any CPU
		{2DC0D4F8-4F4B-48A6-AE1D-D99CB1B75CC6}.Debug|Any CPU.Build.0 = Debug|Any CPU
		{2DC0D4F8-4F4B-48A6-AE1D-D99CB1B75CC6}.Release|Any CPU.ActiveCfg = Release|Any CPU
		{2DC0D4F8-4F4B-48A6-AE1D-D99CB1B75CC6}.Release|Any CPU.Build.0 = Release|Any CPU
	EndGlobalSection
	GlobalSection(SolutionProperties) = preSolution
		HideSolutionNode = FALSE
	EndGlobalSection
	GlobalSection(ExtensibilityGlobals) = postSolution
		SolutionGuid = {AD7E86CD-4A41-4D47-BE79-92176C2CBDE8}
	EndGlobalSection
EndGlobal
