
Microsoft Visual Studio Solution File, Format Version 12.00
# Visual Studio Version 17
VisualStudioVersion = 17.12.35506.116
MinimumVisualStudioVersion = 10.0.40219.1
Project("{FAE04EC0-301F-11D3-BF4B-00C04F79EFBC}") = "A_11_12_String", "A_11_12_String\A_11_12_String.csproj", "{FC7EDA1D-8759-407C-9947-7FFE8A84F434}"
EndProject
Project("{FAE04EC0-301F-11D3-BF4B-00C04F79EFBC}") = "B_1122_String", "B_1122_String\B_1122_String.csproj", "{029CEB8F-E73E-4548-BD2A-769AF728B2CB}"
EndProject
Global
	GlobalSection(SolutionConfigurationPlatforms) = preSolution
		Debug|Any CPU = Debug|Any CPU
		Release|Any CPU = Release|Any CPU
	EndGlobalSection
	GlobalSection(ProjectConfigurationPlatforms) = postSolution
		{FC7EDA1D-8759-407C-9947-7FFE8A84F434}.Debug|Any CPU.ActiveCfg = Debug|Any CPU
		{FC7EDA1D-8759-407C-9947-7FFE8A84F434}.Debug|Any CPU.Build.0 = Debug|Any CPU
		{FC7EDA1D-8759-407C-9947-7FFE8A84F434}.Release|Any CPU.ActiveCfg = Release|Any CPU
		{FC7EDA1D-8759-407C-9947-7FFE8A84F434}.Release|Any CPU.Build.0 = Release|Any CPU
		{029CEB8F-E73E-4548-BD2A-769AF728B2CB}.Debug|Any CPU.ActiveCfg = Debug|Any CPU
		{029CEB8F-E73E-4548-BD2A-769AF728B2CB}.Debug|Any CPU.Build.0 = Debug|Any CPU
		{029CEB8F-E73E-4548-BD2A-769AF728B2CB}.Release|Any CPU.ActiveCfg = Release|Any CPU
		{029CEB8F-E73E-4548-BD2A-769AF728B2CB}.Release|Any CPU.Build.0 = Release|Any CPU
	EndGlobalSection
	GlobalSection(SolutionProperties) = preSolution
		HideSolutionNode = FALSE
	EndGlobalSection
EndGlobal
